<?xml version="1.0" encoding="utf-8"?>
<Project ToolsVersion="4.0" xmlns="http://schemas.microsoft.com/developer/msbuild/2003">
  <ItemGroup>
    <Filter Include="Source Files">
      <UniqueIdentifier>{4FC737F1-C7A5-4376-A066-2A32D752A2FF}</UniqueIdentifier>
      <Extensions>cpp;c;cxx;def;odl;idl;hpj;bat;asm;asmx</Extensions>
    </Filter>
    <Filter Include="Source Files\Generated Files">
      <UniqueIdentifier>{559c3cda-8c8b-4d17-95d3-8997991529ea}</UniqueIdentifier>
      <SourceControlFiles>False</SourceControlFiles>
    </Filter>
    <Filter Include="Header Files">
      <UniqueIdentifier>{93995380-89BD-4b04-88EB-625FBE52EBFB}</UniqueIdentifier>
      <Extensions>h;hpp;hxx;hm;inl;inc;xsd</Extensions>
    </Filter>
    <Filter Include="Header Files\Generated Files">
      <UniqueIdentifier>{e56e0eab-1068-4c61-8b58-a44816235b32}</UniqueIdentifier>
      <SourceControlFiles>False</SourceControlFiles>
    </Filter>
    <Filter Include="Resource Files">
      <UniqueIdentifier>{67DA6AB6-F800-4c08-8B7A-83BB121AAD01}</UniqueIdentifier>
      <Extensions>rc;ico;cur;bmp;dlg;rc2;rct;bin;rgs;gif;jpg;jpeg;jpe;resx</Extensions>
    </Filter>
    <Filter Include="Documents">
      <UniqueIdentifier>{b5c314b5-af98-4768-8f62-048367e94072}</UniqueIdentifier>
    </Filter>
  </ItemGroup>
  <ItemGroup>
    <ClCompile Include="AboutDlg.cpp">
      <Filter>Source Files</Filter>
    </ClCompile>
    <ClCompile Include="APIWrapper.cpp">
      <Filter>Source Files</Filter>
    </ClCompile>
    <ClCompile Include="CWindowEx2.cpp">
      <Filter>Source Files</Filter>
    </ClCompile>
    <ClCompile Include="EnumOLEVERB.cpp">
      <Filter>Source Files</Filter>
    </ClCompile>
    <ClCompile Include="helpers.cpp">
      <Filter>Source Files</Filter>
    </ClCompile>
    <ClCompile Include="ReBar.cpp">
      <Filter>Source Files</Filter>
    </ClCompile>
    <ClCompile Include="ReBarBand.cpp">
      <Filter>Source Files</Filter>
    </ClCompile>
    <ClCompile Include="ReBarBands.cpp">
      <Filter>Source Files</Filter>
    </ClCompile>
    <ClCompile Include="stdafx.cpp">
      <Filter>Source Files</Filter>
    </ClCompile>
    <ClCompile Include="TargetOLEDataObject.cpp">
      <Filter>Source Files</Filter>
    </ClCompile>
    <ClCompile Include="TBarCtls.cpp">
      <Filter>Source Files</Filter>
    </ClCompile>
    <ClCompile Include="ToolBar.cpp">
      <Filter>Source Files</Filter>
    </ClCompile>
    <ClCompile Include="ToolBarButton.cpp">
      <Filter>Source Files</Filter>
    </ClCompile>
    <ClCompile Include="ToolBarButtons.cpp">
      <Filter>Source Files</Filter>
    </ClCompile>
    <ClCompile Include="VirtualReBarBand.cpp">
      <Filter>Source Files</Filter>
    </ClCompile>
    <ClCompile Include="VirtualToolBarButton.cpp">
      <Filter>Source Files</Filter>
    </ClCompile>
    <ClCompile Include="TBarCtlsA_i.c">
      <Filter>Source Files\Generated Files</Filter>
    </ClCompile>
    <ClCompile Include="TBarCtlsU_i.c">
      <Filter>Source Files\Generated Files</Filter>
    </ClCompile>
    <ClCompile Include="ToolBarButtonContainer.cpp">
      <Filter>Source Files</Filter>
    </ClCompile>
    <ClCompile Include="KeyboardHookProvider.cpp">
      <Filter>Source Files</Filter>
    </ClCompile>
    <ClCompile Include="SourceOLEDataObject.cpp">
      <Filter>Source Files</Filter>
    </ClCompile>
    <ClCompile Include="ControlHostWindow.cpp">
      <Filter>Source Files</Filter>
    </ClCompile>
    <ClCompile Include="ControlHostDialog.cpp">
      <Filter>Source Files</Filter>
    </ClCompile>
    <ClCompile Include="CommonProperties.cpp">
      <Filter>Source Files</Filter>
    </ClCompile>
    <ClCompile Include="MouseHookProvider.cpp">
      <Filter>Source Files</Filter>
    </ClCompile>
  </ItemGroup>
  <ItemGroup>
    <None Include="TBarCtlsA.def">
      <Filter>Source Files</Filter>
    </None>
    <None Include="TBarCtlsU.def">
      <Filter>Source Files</Filter>
    </None>
    <None Include="res\About.jpg">
      <Filter>Resource Files</Filter>
    </None>
    <None Include="res\Paypal.jpg">
      <Filter>Resource Files</Filter>
    </None>
    <None Include="res\ReBarA.bmp">
      <Filter>Resource Files</Filter>
    </None>
    <None Include="res\ReBarU.bmp">
      <Filter>Resource Files</Filter>
    </None>
    <None Include="res\TBarCtlsA.rgs">
      <Filter>Resource Files</Filter>
    </None>
    <None Include="res\TBarCtlsU.rgs">
      <Filter>Resource Files</Filter>
    </None>
    <None Include="res\ToolBar disabled.bmp">
      <Filter>Resource Files</Filter>
    </None>
    <None Include="res\ToolBar enabled.bmp">
      <Filter>Resource Files</Filter>
    </None>
    <None Include="res\ToolBarA.bmp">
      <Filter>Resource Files</Filter>
    </None>
    <None Include="res\ToolBarU.bmp">
      <Filter>Resource Files</Filter>
    </None>
    <None Include="..\doc\Unused parts of API.txt">
      <Filter>Documents</Filter>
    </None>
    <None Include="res\ReBarBandA.rgs">
      <Filter>Resource Files</Filter>
    </None>
    <None Include="res\ReBarBandsA.rgs">
      <Filter>Resource Files</Filter>
    </None>
    <None Include="res\CommonPropertiesA.rgs">
      <Filter>Resource Files</Filter>
    </None>
    <None Include="res\VirtualToolBarButtonU.rgs">
      <Filter>Resource Files</Filter>
    </None>
    <None Include="res\CommonPropertiesU.rgs">
      <Filter>Resource Files</Filter>
    </None>
    <None Include="res\OLEDataObjectA.rgs">
      <Filter>Resource Files</Filter>
    </None>
    <None Include="res\OLEDataObjectU.rgs">
      <Filter>Resource Files</Filter>
    </None>
    <None Include="res\ReBarA.rgs">
      <Filter>Resource Files</Filter>
    </None>
    <None Include="res\ReBarU.rgs">
      <Filter>Resource Files</Filter>
    </None>
    <None Include="res\ToolBarA.rgs">
      <Filter>Resource Files</Filter>
    </None>
    <None Include="res\ToolBarButtonA.rgs">
      <Filter>Resource Files</Filter>
    </None>
    <None Include="res\ToolBarButtonContainerA.rgs">
      <Filter>Resource Files</Filter>
    </None>
    <None Include="res\ToolBarButtonContainerU.rgs">
      <Filter>Resource Files</Filter>
    </None>
    <None Include="res\ToolBarButtonsA.rgs">
      <Filter>Resource Files</Filter>
    </None>
    <None Include="res\ToolBarButtonsU.rgs">
      <Filter>Resource Files</Filter>
    </None>
    <None Include="res\ToolBarButtonU.rgs">
      <Filter>Resource Files</Filter>
    </None>
    <None Include="res\ToolBarU.rgs">
      <Filter>Resource Files</Filter>
    </None>
    <None Include="res\VirtualReBarBandA.rgs">
      <Filter>Resource Files</Filter>
    </None>
    <None Include="res\VirtualReBarBandU.rgs">
      <Filter>Resource Files</Filter>
    </None>
    <None Include="res\VirtualToolBarButtonA.rgs">
      <Filter>Resource Files</Filter>
    </None>
  </ItemGroup>
  <ItemGroup>
    <Midl Include="TBarCtlsA.idl">
      <Filter>Source Files</Filter>
    </Midl>
    <Midl Include="TBarCtlsU.idl">
      <Filter>Source Files</Filter>
    </Midl>
  </ItemGroup>
  <ItemGroup>
    <ClInclude Include="_IOLEDataObjectEvents_CP.h">
      <Filter>Header Files</Filter>
    </ClInclude>
    <ClInclude Include="_IReBarBandEvents_CP.h">
      <Filter>Header Files</Filter>
    </ClInclude>
    <ClInclude Include="_IReBarBandsEvents_CP.h">
      <Filter>Header Files</Filter>
    </ClInclude>
    <ClInclude Include="_IReBarEvents_CP.h">
      <Filter>Header Files</Filter>
    </ClInclude>
    <ClInclude Include="_IToolBarButtonEvents_CP.h">
      <Filter>Header Files</Filter>
    </ClInclude>
    <ClInclude Include="_IToolBarButtonsEvents_CP.h">
      <Filter>Header Files</Filter>
    </ClInclude>
    <ClInclude Include="_IToolBarEvents_CP.h">
      <Filter>Header Files</Filter>
    </ClInclude>
    <ClInclude Include="_IVirtualReBarBandEvents_CP.h">
      <Filter>Header Files</Filter>
    </ClInclude>
    <ClInclude Include="_IVirtualToolBarButtonEvents_CP.h">
      <Filter>Header Files</Filter>
    </ClInclude>
    <ClInclude Include="AboutDlg.h">
      <Filter>Header Files</Filter>
    </ClInclude>
    <ClInclude Include="APIWrapper.h">
      <Filter>Header Files</Filter>
    </ClInclude>
    <ClInclude Include="ClassFactory.h">
      <Filter>Header Files</Filter>
    </ClInclude>
    <ClInclude Include="CompilerFlags.h">
      <Filter>Header Files</Filter>
    </ClInclude>
    <ClInclude Include="CWindowEx2.h">
      <Filter>Header Files</Filter>
    </ClInclude>
    <ClInclude Include="DispIDs.h">
      <Filter>Header Files</Filter>
    </ClInclude>
    <ClInclude Include="EnumOLEVERB.h">
      <Filter>Header Files</Filter>
    </ClInclude>
    <ClInclude Include="helpers.h">
      <Filter>Header Files</Filter>
    </ClInclude>
    <ClInclude Include="HyperLinkEx.h">
      <Filter>Header Files</Filter>
    </ClInclude>
    <ClInclude Include="ICategorizeProperties.h">
      <Filter>Header Files</Filter>
    </ClInclude>
    <ClInclude Include="ICreditsProvider.h">
      <Filter>Header Files</Filter>
    </ClInclude>
    <ClInclude Include="PropertyNotifySinkImpl.h">
      <Filter>Header Files</Filter>
    </ClInclude>
    <ClInclude Include="ReBar.h">
      <Filter>Header Files</Filter>
    </ClInclude>
    <ClInclude Include="ReBarBand.h">
      <Filter>Header Files</Filter>
    </ClInclude>
    <ClInclude Include="ReBarBands.h">
      <Filter>Header Files</Filter>
    </ClInclude>
    <ClInclude Include="stdafx.h">
      <Filter>Header Files</Filter>
    </ClInclude>
    <ClInclude Include="TargetOLEDataObject.h">
      <Filter>Header Files</Filter>
    </ClInclude>
    <ClInclude Include="ToolBar.h">
      <Filter>Header Files</Filter>
    </ClInclude>
    <ClInclude Include="ToolBarButton.h">
      <Filter>Header Files</Filter>
    </ClInclude>
    <ClInclude Include="ToolBarButtons.h">
      <Filter>Header Files</Filter>
    </ClInclude>
    <ClInclude Include="UndocComctl32.h">
      <Filter>Header Files</Filter>
    </ClInclude>
    <ClInclude Include="VirtualReBarBand.h">
      <Filter>Header Files</Filter>
    </ClInclude>
    <ClInclude Include="VirtualToolBarButton.h">
      <Filter>Header Files</Filter>
    </ClInclude>
    <ClInclude Include="TBarCtlsA.h">
      <Filter>Header Files\Generated Files</Filter>
    </ClInclude>
    <ClInclude Include="TBarCtlsU.h">
      <Filter>Header Files\Generated Files</Filter>
    </ClInclude>
    <ClInclude Include="_IToolBarButtonContainerEvents_CP.h">
      <Filter>Header Files</Filter>
    </ClInclude>
    <ClInclude Include="ToolBarButtonContainer.h">
      <Filter>Header Files</Filter>
    </ClInclude>
    <ClInclude Include="IButtonContainer.h">
      <Filter>Header Files</Filter>
    </ClInclude>
    <ClInclude Include="IKeyboardHookHandler.h">
      <Filter>Header Files</Filter>
    </ClInclude>
    <ClInclude Include="KeyboardHookProvider.h">
      <Filter>Header Files</Filter>
    </ClInclude>
    <ClInclude Include="SourceOLEDataObject.h">
      <Filter>Header Files</Filter>
    </ClInclude>
    <ClInclude Include="ControlHostWindow.h">
      <Filter>Header Files</Filter>
    </ClInclude>
    <ClInclude Include="ControlHostDialog.h">
      <Filter>Header Files</Filter>
    </ClInclude>
    <ClInclude Include="_IControlHostWindowEvents_CP.h">
      <Filter>Header Files</Filter>
    </ClInclude>
    <ClInclude Include="SimpleStack.h">
      <Filter>Header Files</Filter>
    </ClInclude>
    <ClInclude Include="CommonProperties.h">
      <Filter>Header Files</Filter>
    </ClInclude>
    <ClInclude Include="MouseHookProvider.h">
      <Filter>Header Files</Filter>
    </ClInclude>
    <ClInclude Include="IMouseHookHandler.h">
      <Filter>Header Files</Filter>
    </ClInclude>
    <ClInclude Include="res\resource.h">
      <Filter>Resource Files</Filter>
    </ClInclude>
  </ItemGroup>
  <ItemGroup>
    <ResourceCompile Include="res\TBarCtls.rc">
      <Filter>Resource Files</Filter>
    </ResourceCompile>
  </ItemGroup>
</Project>